
Microsoft Visual Studio Solution File, Format Version 12.00
# Visual Studio Version 17
VisualStudioVersion = 17.0.31903.59
MinimumVisualStudioVersion = 10.0.40219.1
Project("{FAE04EC0-301F-11D3-BF4B-00C04F79EFBC}") = "Cadmus.Domain.Contracts", "Cadmus.Domain.Contracts\Cadmus.Domain.Contracts.csproj", "{6DB65D8C-0112-4212-8E4A-E98F6C5D87A3}"
EndProject
Project("{FAE04EC0-301F-11D3-BF4B-00C04F79EFBC}") = "Cadmus.Domain", "Cadmus.Domain\Cadmus.Domain.csproj", "{13D3BCDD-1689-4E10-9950-546666DA6A7A}"
EndProject
Global
	GlobalSection(SolutionConfigurationPlatforms) = preSolution
		Debug|Any CPU = Debug|Any CPU
		Debug|x64 = Debug|x64
		Debug|x86 = Debug|x86
		Release|Any CPU = Release|Any CPU
		Release|x64 = Release|x64
		Release|x86 = Release|x86
	EndGlobalSection
	GlobalSection(ProjectConfigurationPlatforms) = postSolution
		{6DB65D8C-0112-4212-8E4A-E98F6C5D87A3}.Debug|Any CPU.ActiveCfg = Debug|Any CPU
		{6DB65D8C-0112-4212-8E4A-E98F6C5D87A3}.Debug|Any CPU.Build.0 = Debug|Any CPU
		{6DB65D8C-0112-4212-8E4A-E98F6C5D87A3}.Debug|x64.ActiveCfg = Debug|Any CPU
		{6DB65D8C-0112-4212-8E4A-E98F6C5D87A3}.Debug|x64.Build.0 = Debug|Any CPU
		{6DB65D8C-0112-4212-8E4A-E98F6C5D87A3}.Debug|x86.ActiveCfg = Debug|Any CPU
		{6DB65D8C-0112-4212-8E4A-E98F6C5D87A3}.Debug|x86.Build.0 = Debug|Any CPU
		{6DB65D8C-0112-4212-8E4A-E98F6C5D87A3}.Release|Any CPU.ActiveCfg = Release|Any CPU
		{6DB65D8C-0112-4212-8E4A-E98F6C5D87A3}.Release|Any CPU.Build.0 = Release|Any CPU
		{6DB65D8C-0112-4212-8E4A-E98F6C5D87A3}.Release|x64.ActiveCfg = Release|Any CPU
		{6DB65D8C-0112-4212-8E4A-E98F6C5D87A3}.Release|x64.Build.0 = Release|Any CPU
		{6DB65D8C-0112-4212-8E4A-E98F6C5D87A3}.Release|x86.ActiveCfg = Release|Any CPU
		{6DB65D8C-0112-4212-8E4A-E98F6C5D87A3}.Release|x86.Build.0 = Release|Any CPU
		{13D3BCDD-1689-4E10-9950-546666DA6A7A}.Debug|Any CPU.ActiveCfg = Debug|Any CPU
		{13D3BCDD-1689-4E10-9950-546666DA6A7A}.Debug|Any CPU.Build.0 = Debug|Any CPU
		{13D3BCDD-1689-4E10-9950-546666DA6A7A}.Debug|x64.ActiveCfg = Debug|Any CPU
		{13D3BCDD-1689-4E10-9950-546666DA6A7A}.Debug|x64.Build.0 = Debug|Any CPU
		{13D3BCDD-1689-4E10-9950-546666DA6A7A}.Debug|x86.ActiveCfg = Debug|Any CPU
		{13D3BCDD-1689-4E10-9950-546666DA6A7A}.Debug|x86.Build.0 = Debug|Any CPU
		{13D3BCDD-1689-4E10-9950-546666DA6A7A}.Release|Any CPU.ActiveCfg = Release|Any CPU
		{13D3BCDD-1689-4E10-9950-546666DA6A7A}.Release|Any CPU.Build.0 = Release|Any CPU
		{13D3BCDD-1689-4E10-9950-546666DA6A7A}.Release|x64.ActiveCfg = Release|Any CPU
		{13D3BCDD-1689-4E10-9950-546666DA6A7A}.Release|x64.Build.0 = Release|Any CPU
		{13D3BCDD-1689-4E10-9950-546666DA6A7A}.Release|x86.ActiveCfg = Release|Any CPU
		{13D3BCDD-1689-4E10-9950-546666DA6A7A}.Release|x86.Build.0 = Release|Any CPU
	EndGlobalSection
	GlobalSection(SolutionProperties) = preSolution
		HideSolutionNode = FALSE
	EndGlobalSection
EndGlobal
